// !$*UTF8*$!
{
	archiveVersion = 1;
	classes = {
	};
	objectVersion = 55;
	objects = {

/* Begin PBXBuildFile section */
		00C5FAFA27FF80DC00D8D38A /* AppDelegate.swift in Sources */ = {isa = PBXBuildFile; fileRef = 00C5FAF927FF80DC00D8D38A /* AppDelegate.swift */; };
		00C5FAFC27FF80DC00D8D38A /* SceneDelegate.swift in Sources */ = {isa = PBXBuildFile; fileRef = 00C5FAFB27FF80DC00D8D38A /* SceneDelegate.swift */; };
		00C5FAFE27FF80DC00D8D38A /* ViewController.swift in Sources */ = {isa = PBXBuildFile; fileRef = 00C5FAFD27FF80DC00D8D38A /* ViewController.swift */; };
		00C5FB0127FF80DC00D8D38A /* Main.storyboard in Resources */ = {isa = PBXBuildFile; fileRef = 00C5FAFF27FF80DC00D8D38A /* Main.storyboard */; };
		00C5FB0327FF80E200D8D38A /* Assets.xcassets in Resources */ = {isa = PBXBuildFile; fileRef = 00C5FB0227FF80E200D8D38A /* Assets.xcassets */; };
		00C5FB0627FF80E200D8D38A /* LaunchScreen.storyboard in Resources */ = {isa = PBXBuildFile; fileRef = 00C5FB0427FF80E200D8D38A /* LaunchScreen.storyboard */; };
		00C5FB0F27FF8BE200D8D38A /* LetterModel.swift in Sources */ = {isa = PBXBuildFile; fileRef = 00C5FB0E27FF8BE200D8D38A /* LetterModel.swift */; };
		00C5FB1127FF8C2800D8D38A /* AlphabetModel.swift in Sources */ = {isa = PBXBuildFile; fileRef = 00C5FB1027FF8C2800D8D38A /* AlphabetModel.swift */; };
		00C5FB1327FF8CDB00D8D38A /* Constants.swift in Sources */ = {isa = PBXBuildFile; fileRef = 00C5FB1227FF8CDB00D8D38A /* Constants.swift */; };
		CBE62115AA8BA26A95BD09D8 /* Pods_waiw.framework in Frameworks */ = {isa = PBXBuildFile; fileRef = 9A86BE62E3B9892C27320D5F /* Pods_waiw.framework */; };
/* End PBXBuildFile section */

/* Begin PBXFileReference section */
		00C5FAF627FF80DC00D8D38A /* waiw.app */ = {isa = PBXFileReference; explicitFileType = wrapper.application; includeInIndex = 0; path = waiw.app; sourceTree = BUILT_PRODUCTS_DIR; };
		00C5FAF927FF80DC00D8D38A /* AppDelegate.swift */ = {isa = PBXFileReference; lastKnownFileType = sourcecode.swift; path = AppDelegate.swift; sourceTree = "<group>"; };
		00C5FAFB27FF80DC00D8D38A /* SceneDelegate.swift */ = {isa = PBXFileReference; lastKnownFileType = sourcecode.swift; path = SceneDelegate.swift; sourceTree = "<group>"; };
		00C5FAFD27FF80DC00D8D38A /* ViewController.swift */ = {isa = PBXFileReference; lastKnownFileType = sourcecode.swift; path = ViewController.swift; sourceTree = "<group>"; };
		00C5FB0027FF80DC00D8D38A /* Base */ = {isa = PBXFileReference; lastKnownFileType = file.storyboard; name = Base; path = Base.lproj/Main.storyboard; sourceTree = "<group>"; };
		00C5FB0227FF80E200D8D38A /* Assets.xcassets */ = {isa = PBXFileReference; lastKnownFileType = folder.assetcatalog; path = Assets.xcassets; sourceTree = "<group>"; };
		00C5FB0527FF80E200D8D38A /* Base */ = {isa = PBXFileReference; lastKnownFileType = file.storyboard; name = Base; path = Base.lproj/LaunchScreen.storyboard; sourceTree = "<group>"; };
		00C5FB0727FF80E200D8D38A /* Info.plist */ = {isa = PBXFileReference; lastKnownFileType = text.plist.xml; path = Info.plist; sourceTree = "<group>"; };
		00C5FB0E27FF8BE200D8D38A /* LetterModel.swift */ = {isa = PBXFileReference; lastKnownFileType = sourcecode.swift; path = LetterModel.swift; sourceTree = "<group>"; };
		00C5FB1027FF8C2800D8D38A /* AlphabetModel.swift */ = {isa = PBXFileReference; lastKnownFileType = sourcecode.swift; path = AlphabetModel.swift; sourceTree = "<group>"; };
		00C5FB1227FF8CDB00D8D38A /* Constants.swift */ = {isa = PBXFileReference; lastKnownFileType = sourcecode.swift; path = Constants.swift; sourceTree = "<group>"; };
		6B607B57F802A02733F5A439 /* Pods-waiw.debug.xcconfig */ = {isa = PBXFileReference; includeInIndex = 1; lastKnownFileType = text.xcconfig; name = "Pods-waiw.debug.xcconfig"; path = "Target Support Files/Pods-waiw/Pods-waiw.debug.xcconfig"; sourceTree = "<group>"; };
		95483AD8BD282047484200EB /* Pods-waiw.release.xcconfig */ = {isa = PBXFileReference; includeInIndex = 1; lastKnownFileType = text.xcconfig; name = "Pods-waiw.release.xcconfig"; path = "Target Support Files/Pods-waiw/Pods-waiw.release.xcconfig"; sourceTree = "<group>"; };
		9A86BE62E3B9892C27320D5F /* Pods_waiw.framework */ = {isa = PBXFileReference; explicitFileType = wrapper.framework; includeInIndex = 0; path = Pods_waiw.framework; sourceTree = BUILT_PRODUCTS_DIR; };
/* End PBXFileReference section */

/* Begin PBXFrameworksBuildPhase section */
		00C5FAF327FF80DC00D8D38A /* Frameworks */ = {
			isa = PBXFrameworksBuildPhase;
			buildActionMask = 2147483647;
			files = (
				CBE62115AA8BA26A95BD09D8 /* Pods_waiw.framework in Frameworks */,
			);
			runOnlyForDeploymentPostprocessing = 0;
		};
/* End PBXFrameworksBuildPhase section */

/* Begin PBXGroup section */
		00C5FAED27FF80DC00D8D38A = {
			isa = PBXGroup;
			children = (
				00C5FAF827FF80DC00D8D38A /* waiw */,
				00C5FAF727FF80DC00D8D38A /* Products */,
				49F89DF09A12A2FC23A329F5 /* Pods */,
				7A5533FF53AA1E2330C17F6F /* Frameworks */,
			);
			sourceTree = "<group>";
		};
		00C5FAF727FF80DC00D8D38A /* Products */ = {
			isa = PBXGroup;
			children = (
				00C5FAF627FF80DC00D8D38A /* waiw.app */,
			);
			name = Products;
			sourceTree = "<group>";
		};
		00C5FAF827FF80DC00D8D38A /* waiw */ = {
			isa = PBXGroup;
			children = (
				00C5FB0D27FF8BC300D8D38A /* Model */,
				00C5FAF927FF80DC00D8D38A /* AppDelegate.swift */,
				00C5FB1227FF8CDB00D8D38A /* Constants.swift */,
				00C5FAFB27FF80DC00D8D38A /* SceneDelegate.swift */,
				00C5FAFD27FF80DC00D8D38A /* ViewController.swift */,
				00C5FAFF27FF80DC00D8D38A /* Main.storyboard */,
				00C5FB0227FF80E200D8D38A /* Assets.xcassets */,
				00C5FB0427FF80E200D8D38A /* LaunchScreen.storyboard */,
				00C5FB0727FF80E200D8D38A /* Info.plist */,
			);
			path = waiw;
			sourceTree = "<group>";
		};
		00C5FB0D27FF8BC300D8D38A /* Model */ = {
			isa = PBXGroup;
			children = (
				00C5FB0E27FF8BE200D8D38A /* LetterModel.swift */,
				00C5FB1027FF8C2800D8D38A /* AlphabetModel.swift */,
			);
			path = Model;
			sourceTree = "<group>";
		};
		49F89DF09A12A2FC23A329F5 /* Pods */ = {
			isa = PBXGroup;
			children = (
				6B607B57F802A02733F5A439 /* Pods-waiw.debug.xcconfig */,
				95483AD8BD282047484200EB /* Pods-waiw.release.xcconfig */,
			);
			path = Pods;
			sourceTree = "<group>";
		};
		7A5533FF53AA1E2330C17F6F /* Frameworks */ = {
			isa = PBXGroup;
			children = (
				9A86BE62E3B9892C27320D5F /* Pods_waiw.framework */,
			);
			name = Frameworks;
			sourceTree = "<group>";
		};
/* End PBXGroup section */

/* Begin PBXNativeTarget section */
		00C5FAF527FF80DC00D8D38A /* waiw */ = {
			isa = PBXNativeTarget;
			buildConfigurationList = 00C5FB0A27FF80E200D8D38A /* Build configuration list for PBXNativeTarget "waiw" */;
			buildPhases = (
				982B65FBC5A67FB46638F4A0 /* [CP] Check Pods Manifest.lock */,
				00C5FAF227FF80DC00D8D38A /* Sources */,
				00C5FAF327FF80DC00D8D38A /* Frameworks */,
				00C5FAF427FF80DC00D8D38A /* Resources */,
				508209B57D5361F88ADE67A7 /* [CP] Embed Pods Frameworks */,
			);
			buildRules = (
			);
			dependencies = (
			);
			name = waiw;
			productName = waiw;
			productReference = 00C5FAF627FF80DC00D8D38A /* waiw.app */;
			productType = "com.apple.product-type.application";
		};
/* End PBXNativeTarget section */

/* Begin PBXProject section */
		00C5FAEE27FF80DC00D8D38A /* Project object */ = {
			isa = PBXProject;
			attributes = {
				BuildIndependentTargetsInParallel = 1;
				LastSwiftUpdateCheck = 1320;
				LastUpgradeCheck = 1320;
				TargetAttributes = {
					00C5FAF527FF80DC00D8D38A = {
						CreatedOnToolsVersion = 13.2.1;
					};
				};
			};
			buildConfigurationList = 00C5FAF127FF80DC00D8D38A /* Build configuration list for PBXProject "waiw" */;
			compatibilityVersion = "Xcode 13.0";
			developmentRegion = en;
			hasScannedForEncodings = 0;
			knownRegions = (
				en,
				Base,
			);
			mainGroup = 00C5FAED27FF80DC00D8D38A;
			productRefGroup = 00C5FAF727FF80DC00D8D38A /* Products */;
			projectDirPath = "";
			projectRoot = "";
			targets = (
				00C5FAF527FF80DC00D8D38A /* waiw */,
			);
		};
/* End PBXProject section */

/* Begin PBXResourcesBuildPhase section */
		00C5FAF427FF80DC00D8D38A /* Resources */ = {
			isa = PBXResourcesBuildPhase;
			buildActionMask = 2147483647;
			files = (
				00C5FB0627FF80E200D8D38A /* LaunchScreen.storyboard in Resources */,
				00C5FB0327FF80E200D8D38A /* Assets.xcassets in Resources */,
				00C5FB0127FF80DC00D8D38A /* Main.storyboard in Resources */,
			);
			runOnlyForDeploymentPostprocessing = 0;
		};
/* End PBXResourcesBuildPhase section */

/* Begin PBXShellScriptBuildPhase section */
		508209B57D5361F88ADE67A7 /* [CP] Embed Pods Frameworks */ = {
			isa = PBXShellScriptBuildPhase;
			buildActionMask = 2147483647;
			files = (
			);
			inputFileListPaths = (
				"${PODS_ROOT}/Target Support Files/Pods-waiw/Pods-waiw-frameworks-${CONFIGURATION}-input-files.xcfilelist",
			);
			name = "[CP] Embed Pods Frameworks";
			outputFileListPaths = (
				"${PODS_ROOT}/Target Support Files/Pods-waiw/Pods-waiw-frameworks-${CONFIGURATION}-output-files.xcfilelist",
			);
			runOnlyForDeploymentPostprocessing = 0;
			shellPath = /bin/sh;
			shellScript = "\"${PODS_ROOT}/Target Support Files/Pods-waiw/Pods-waiw-frameworks.sh\"\n";
			showEnvVarsInLog = 0;
		};
		982B65FBC5A67FB46638F4A0 /* [CP] Check Pods Manifest.lock */ = {
			isa = PBXShellScriptBuildPhase;
			buildActionMask = 2147483647;
			files = (
			);
			inputFileListPaths = (
			);
			inputPaths = (
				"${PODS_PODFILE_DIR_PATH}/Podfile.lock",
				"${PODS_ROOT}/Manifest.lock",
			);
			name = "[CP] Check Pods Manifest.lock";
			outputFileListPaths = (
			);
			outputPaths = (
				"$(DERIVED_FILE_DIR)/Pods-waiw-checkManifestLockResult.txt",
			);
			runOnlyForDeploymentPostprocessing = 0;
			shellPath = /bin/sh;
			shellScript = "diff \"${PODS_PODFILE_DIR_PATH}/Podfile.lock\" \"${PODS_ROOT}/Manifest.lock\" > /dev/null\nif [ $? != 0 ] ; then\n    # print error to STDERR\n    echo \"error: The sandbox is not in sync with the Podfile.lock. Run 'pod install' or update your CocoaPods installation.\" >&2\n    exit 1\nfi\n# This output is used by Xcode 'outputs' to avoid re-running this script phase.\necho \"SUCCESS\" > \"${SCRIPT_OUTPUT_FILE_0}\"\n";
			showEnvVarsInLog = 0;
		};
/* End PBXShellScriptBuildPhase section */

/* Begin PBXSourcesBuildPhase section */
		00C5FAF227FF80DC00D8D38A /* Sources */ = {
			isa = PBXSourcesBuildPhase;
			buildActionMask = 2147483647;
			files = (
				00C5FB0F27FF8BE200D8D38A /* LetterModel.swift in Sources */,
				00C5FAFE27FF80DC00D8D38A /* ViewController.swift in Sources */,
				00C5FAFA27FF80DC00D8D38A /* AppDelegate.swift in Sources */,
				00C5FAFC27FF80DC00D8D38A /* SceneDelegate.swift in Sources */,
				00C5FB1127FF8C2800D8D38A /* AlphabetModel.swift in Sources */,
				00C5FB1327FF8CDB00D8D38A /* Constants.swift in Sources */,
			);
			runOnlyForDeploymentPostprocessing = 0;
		};
/* End PBXSourcesBuildPhase section */

/* Begin PBXVariantGroup section */
		00C5FAFF27FF80DC00D8D38A /* Main.storyboard */ = {
			isa = PBXVariantGroup;
			children = (
				00C5FB0027FF80DC00D8D38A /* Base */,
			);
			name = Main.storyboard;
			sourceTree = "<group>";
		};
		00C5FB0427FF80E200D8D38A /* LaunchScreen.storyboard */ = {
			isa = PBXVariantGroup;
			children = (
				00C5FB0527FF80E200D8D38A /* Base */,
			);
			name = LaunchScreen.storyboard;
			sourceTree = "<group>";
		};
/* End PBXVariantGroup section */

/* Begin XCBuildConfiguration section */
		00C5FB0827FF80E200D8D38A /* Debug */ = {
			isa = XCBuildConfiguration;
			buildSettings = {
				ALWAYS_SEARCH_USER_PATHS = NO;
				CLANG_ANALYZER_NONNULL = YES;
				CLANG_ANALYZER_NUMBER_OBJECT_CONVERSION = YES_AGGRESSIVE;
				CLANG_CXX_LANGUAGE_STANDARD = "gnu++17";
				CLANG_CXX_LIBRARY = "libc++";
				CLANG_ENABLE_MODULES = YES;
				CLANG_ENABLE_OBJC_ARC = YES;
				CLANG_ENABLE_OBJC_WEAK = YES;
				CLANG_WARN_BLOCK_CAPTURE_AUTORELEASING = YES;
				CLANG_WARN_BOOL_CONVERSION = YES;
				CLANG_WARN_COMMA = YES;
				CLANG_WARN_CONSTANT_CONVERSION = YES;
				CLANG_WARN_DEPRECATED_OBJC_IMPLEMENTATIONS = YES;
				CLANG_WARN_DIRECT_OBJC_ISA_USAGE = YES_ERROR;
				CLANG_WARN_DOCUMENTATION_COMMENTS = YES;
				CLANG_WARN_EMPTY_BODY = YES;
				CLANG_WARN_ENUM_CONVERSION = YES;
				CLANG_WARN_INFINITE_RECURSION = YES;
				CLANG_WARN_INT_CONVERSION = YES;
				CLANG_WARN_NON_LITERAL_NULL_CONVERSION = YES;
				CLANG_WARN_OBJC_IMPLICIT_RETAIN_SELF = YES;
				CLANG_WARN_OBJC_LITERAL_CONVERSION = YES;
				CLANG_WARN_OBJC_ROOT_CLASS = YES_ERROR;
				CLANG_WARN_QUOTED_INCLUDE_IN_FRAMEWORK_HEADER = YES;
				CLANG_WARN_RANGE_LOOP_ANALYSIS = YES;
				CLANG_WARN_STRICT_PROTOTYPES = YES;
				CLANG_WARN_SUSPICIOUS_MOVE = YES;
				CLANG_WARN_UNGUARDED_AVAILABILITY = YES_AGGRESSIVE;
				CLANG_WARN_UNREACHABLE_CODE = YES;
				CLANG_WARN__DUPLICATE_METHOD_MATCH = YES;
				COPY_PHASE_STRIP = NO;
				DEBUG_INFORMATION_FORMAT = dwarf;
				ENABLE_STRICT_OBJC_MSGSEND = YES;
				ENABLE_TESTABILITY = YES;
				GCC_C_LANGUAGE_STANDARD = gnu11;
				GCC_DYNAMIC_NO_PIC = NO;
				GCC_NO_COMMON_BLOCKS = YES;
				GCC_OPTIMIZATION_LEVEL = 0;
				GCC_PREPROCESSOR_DEFINITIONS = (
					"DEBUG=1",
					"$(inherited)",
				);
				GCC_WARN_64_TO_32_BIT_CONVERSION = YES;
				GCC_WARN_ABOUT_RETURN_TYPE = YES_ERROR;
				GCC_WARN_UNDECLARED_SELECTOR = YES;
				GCC_WARN_UNINITIALIZED_AUTOS = YES_AGGRESSIVE;
				GCC_WARN_UNUSED_FUNCTION = YES;
				GCC_WARN_UNUSED_VARIABLE = YES;
				IPHONEOS_DEPLOYMENT_TARGET = 15.2;
				MTL_ENABLE_DEBUG_INFO = INCLUDE_SOURCE;
				MTL_FAST_MATH = YES;
				ONLY_ACTIVE_ARCH = YES;
				SDKROOT = iphoneos;
				SWIFT_ACTIVE_COMPILATION_CONDITIONS = DEBUG;
				SWIFT_OPTIMIZATION_LEVEL = "-Onone";
			};
			name = Debug;
		};
		00C5FB0927FF80E200D8D38A /* Release */ = {
			isa = XCBuildConfiguration;
			buildSettings = {
				ALWAYS_SEARCH_USER_PATHS = NO;
				CLANG_ANALYZER_NONNULL = YES;
				CLANG_ANALYZER_NUMBER_OBJECT_CONVERSION = YES_AGGRESSIVE;
				CLANG_CXX_LANGUAGE_STANDARD = "gnu++17";
				CLANG_CXX_LIBRARY = "libc++";
				CLANG_ENABLE_MODULES = YES;
				CLANG_ENABLE_OBJC_ARC = YES;
				CLANG_ENABLE_OBJC_WEAK = YES;
				CLANG_WARN_BLOCK_CAPTURE_AUTORELEASING = YES;
				CLANG_WARN_BOOL_CONVERSION = YES;
				CLANG_WARN_COMMA = YES;
				CLANG_WARN_CONSTANT_CONVERSION = YES;
				CLANG_WARN_DEPRECATED_OBJC_IMPLEMENTATIONS = YES;
				CLANG_WARN_DIRECT_OBJC_ISA_USAGE = YES_ERROR;
				CLANG_WARN_DOCUMENTATION_COMMENTS = YES;
				CLANG_WARN_EMPTY_BODY = YES;
				CLANG_WARN_ENUM_CONVERSION = YES;
				CLANG_WARN_INFINITE_RECURSION = YES;
				CLANG_WARN_INT_CONVERSION = YES;
				CLANG_WARN_NON_LITERAL_NULL_CONVERSION = YES;
				CLANG_WARN_OBJC_IMPLICIT_RETAIN_SELF = YES;
				CLANG_WARN_OBJC_LITERAL_CONVERSION = YES;
				CLANG_WARN_OBJC_ROOT_CLASS = YES_ERROR;
				CLANG_WARN_QUOTED_INCLUDE_IN_FRAMEWORK_HEADER = YES;
				CLANG_WARN_RANGE_LOOP_ANALYSIS = YES;
				CLANG_WARN_STRICT_PROTOTYPES = YES;
				CLANG_WARN_SUSPICIOUS_MOVE = YES;
				CLANG_WARN_UNGUARDED_AVAILABILITY = YES_AGGRESSIVE;
				CLANG_WARN_UNREACHABLE_CODE = YES;
				CLANG_WARN__DUPLICATE_METHOD_MATCH = YES;
				COPY_PHASE_STRIP = NO;
				DEBUG_INFORMATION_FORMAT = "dwarf-with-dsym";
				ENABLE_NS_ASSERTIONS = NO;
				ENABLE_STRICT_OBJC_MSGSEND = YES;
				GCC_C_LANGUAGE_STANDARD = gnu11;
				GCC_NO_COMMON_BLOCKS = YES;
				GCC_WARN_64_TO_32_BIT_CONVERSION = YES;
				GCC_WARN_ABOUT_RETURN_TYPE = YES_ERROR;
				GCC_WARN_UNDECLARED_SELECTOR = YES;
				GCC_WARN_UNINITIALIZED_AUTOS = YES_AGGRESSIVE;
				GCC_WARN_UNUSED_FUNCTION = YES;
				GCC_WARN_UNUSED_VARIABLE = YES;
				IPHONEOS_DEPLOYMENT_TARGET = 15.2;
				MTL_ENABLE_DEBUG_INFO = NO;
				MTL_FAST_MATH = YES;
				SDKROOT = iphoneos;
				SWIFT_COMPILATION_MODE = wholemodule;
				SWIFT_OPTIMIZATION_LEVEL = "-O";
				VALIDATE_PRODUCT = YES;
			};
			name = Release;
		};
		00C5FB0B27FF80E200D8D38A /* Debug */ = {
			isa = XCBuildConfiguration;
			baseConfigurationReference = 6B607B57F802A02733F5A439 /* Pods-waiw.debug.xcconfig */;
			buildSettings = {
				ASSETCATALOG_COMPILER_APPICON_NAME = AppIcon;
				ASSETCATALOG_COMPILER_GLOBAL_ACCENT_COLOR_NAME = AccentColor;
				CODE_SIGN_STYLE = Automatic;
				CURRENT_PROJECT_VERSION = 1;
				DEVELOPMENT_TEAM = PDS2F42P75;
				GENERATE_INFOPLIST_FILE = YES;
				INFOPLIST_FILE = waiw/Info.plist;
				INFOPLIST_KEY_UIApplicationSupportsIndirectInputEvents = YES;
				INFOPLIST_KEY_UILaunchStoryboardName = LaunchScreen;
				INFOPLIST_KEY_UIMainStoryboardFile = Main;
				INFOPLIST_KEY_UISupportedInterfaceOrientations_iPad = "UIInterfaceOrientationPortrait UIInterfaceOrientationPortraitUpsideDown UIInterfaceOrientationLandscapeLeft UIInterfaceOrientationLandscapeRight";
				INFOPLIST_KEY_UISupportedInterfaceOrientations_iPhone = "UIInterfaceOrientationPortrait UIInterfaceOrientationLandscapeLeft UIInterfaceOrientationLandscapeRight";
				LD_RUNPATH_SEARCH_PATHS = (
					"$(inherited)",
					"@executable_path/Frameworks",
				);
				MARKETING_VERSION = 1.0;
				PRODUCT_BUNDLE_IDENTIFIER = com.farukkisik.waiw;
				PRODUCT_NAME = "$(TARGET_NAME)";
				SWIFT_EMIT_LOC_STRINGS = YES;
				SWIFT_VERSION = 5.0;
				TARGETED_DEVICE_FAMILY = "1,2";
			};
			name = Debug;
		};
		00C5FB0C27FF80E200D8D38A /* Release */ = {
			isa = XCBuildConfiguration;
			baseConfigurationReference = 95483AD8BD282047484200EB /* Pods-waiw.release.xcconfig */;
			buildSettings = {
				ASSETCATALOG_COMPILER_APPICON_NAME = AppIcon;
				ASSETCATALOG_COMPILER_GLOBAL_ACCENT_COLOR_NAME = AccentColor;
				CODE_SIGN_STYLE = Automatic;
				CURRENT_PROJECT_VERSION = 1;
				DEVELOPMENT_TEAM = PDS2F42P75;
				GENERATE_INFOPLIST_FILE = YES;
				INFOPLIST_FILE = waiw/Info.plist;
				INFOPLIST_KEY_UIApplicationSupportsIndirectInputEvents = YES;
				INFOPLIST_KEY_UILaunchStoryboardName = LaunchScreen;
				INFOPLIST_KEY_UIMainStoryboardFile = Main;
				INFOPLIST_KEY_UISupportedInterfaceOrientations_iPad = "UIInterfaceOrientationPortrait UIInterfaceOrientationPortraitUpsideDown UIInterfaceOrientationLandscapeLeft UIInterfaceOrientationLandscapeRight";
				INFOPLIST_KEY_UISupportedInterfaceOrientations_iPhone = "UIInterfaceOrientationPortrait UIInterfaceOrientationLandscapeLeft UIInterfaceOrientationLandscapeRight";
				LD_RUNPATH_SEARCH_PATHS = (
					"$(inherited)",
					"@executable_path/Frameworks",
				);
				MARKETING_VERSION = 1.0;
				PRODUCT_BUNDLE_IDENTIFIER = com.farukkisik.waiw;
				PRODUCT_NAME = "$(TARGET_NAME)";
				SWIFT_EMIT_LOC_STRINGS = YES;
				SWIFT_VERSION = 5.0;
				TARGETED_DEVICE_FAMILY = "1,2";
			};
			name = Release;
		};
/* End XCBuildConfiguration section */

/* Begin XCConfigurationList section */
		00C5FAF127FF80DC00D8D38A /* Build configuration list for PBXProject "waiw" */ = {
			isa = XCConfigurationList;
			buildConfigurations = (
				00C5FB0827FF80E200D8D38A /* Debug */,
				00C5FB0927FF80E200D8D38A /* Release */,
			);
			defaultConfigurationIsVisible = 0;
			defaultConfigurationName = Release;
		};
		00C5FB0A27FF80E200D8D38A /* Build configuration list for PBXNativeTarget "waiw" */ = {
			isa = XCConfigurationList;
			buildConfigurations = (
				00C5FB0B27FF80E200D8D38A /* Debug */,
				00C5FB0C27FF80E200D8D38A /* Release */,
			);
			defaultConfigurationIsVisible = 0;
			defaultConfigurationName = Release;
		};
/* End XCConfigurationList section */
	};
	rootObject = 00C5FAEE27FF80DC00D8D38A /* Project object */;
}
